
Microsoft Visual Studio Solution File, Format Version 12.00
# Visual Studio Version 17
VisualStudioVersion = 17.4.33122.133
MinimumVisualStudioVersion = 10.0.40219.1
Project("{FAE04EC0-301F-11D3-BF4B-00C04F79EFBC}") = "Module", "Module.csproj", "{A7573DCB-46F2-4766-A428-AE4B5E8A731A}"
EndProject
Global
	GlobalSection(SolutionConfigurationPlatforms) = preSolution
		Debug|Any CPU = Debug|Any CPU
		Release|Any CPU = Release|Any CPU
	EndGlobalSection
	GlobalSection(ProjectConfigurationPlatforms) = postSolution
		{A7573DCB-46F2-4766-A428-AE4B5E8A731A}.Debug|Any CPU.ActiveCfg = Debug|Any CPU
		{A7573DCB-46F2-4766-A428-AE4B5E8A731A}.Debug|Any CPU.Build.0 = Debug|Any CPU
		{A7573DCB-46F2-4766-A428-AE4B5E8A731A}.Release|Any CPU.ActiveCfg = Release|Any CPU
		{A7573DCB-46F2-4766-A428-AE4B5E8A731A}.Release|Any CPU.Build.0 = Release|Any CPU
	EndGlobalSection
	GlobalSection(SolutionProperties) = preSolution
		HideSolutionNode = FALSE
	EndGlobalSection
	GlobalSection(ExtensibilityGlobals) = postSolution
		SolutionGuid = {FD817A55-22FF-4D53-88FF-43A9C8B506C9}
	EndGlobalSection
EndGlobal
